
Microsoft Visual Studio Solution File, Format Version 12.00
# Visual Studio 15
VisualStudioVersion = 15.0.27703.2026
MinimumVisualStudioVersion = 10.0.40219.1
Project("{FAE04EC0-301F-11D3-BF4B-00C04F79EFBC}") = "LuceneSearch", "LuceneSearch\LuceneSearch.csproj", "{280E2775-239C-49BD-B5C8-74C1AD895BA1}"
EndProject
Global
	GlobalSection(SolutionConfigurationPlatforms) = preSolution
		Debug|Any CPU = Debug|Any CPU
		Release|Any CPU = Release|Any CPU
	EndGlobalSection
	GlobalSection(ProjectConfigurationPlatforms) = postSolution
		{280E2775-239C-49BD-B5C8-74C1AD895BA1}.Debug|Any CPU.ActiveCfg = Debug|Any CPU
		{280E2775-239C-49BD-B5C8-74C1AD895BA1}.Debug|Any CPU.Build.0 = Debug|Any CPU
		{280E2775-239C-49BD-B5C8-74C1AD895BA1}.Release|Any CPU.ActiveCfg = Release|Any CPU
		{280E2775-239C-49BD-B5C8-74C1AD895BA1}.Release|Any CPU.Build.0 = Release|Any CPU
	EndGlobalSection
	GlobalSection(SolutionProperties) = preSolution
		HideSolutionNode = FALSE
	EndGlobalSection
	GlobalSection(ExtensibilityGlobals) = postSolution
		SolutionGuid = {8149D5DA-5EE6-4DF8-ABE1-FC9F6971DF9C}
	EndGlobalSection
EndGlobal
